lockfileVersion: '9.0'

settings:
  autoInstallPeers: true
  excludeLinksFromLockfile: false

overrides:
  wpjs-api: link:../../Library/pnpm/global/5/node_modules/wpjs-api

importers:

  .:
    dependencies:
      wpjs-api:
        specifier: link:../../Library/pnpm/global/5/node_modules/wpjs-api
        version: link:../../Library/pnpm/global/5/node_modules/wpjs-api
    devDependencies:
      '@types/node':
        specifier: ^24.0.6
        version: 24.0.6
      typescript:
        specifier: ^5.8.3
        version: 5.8.3

packages:

  '@types/node@24.0.6':
    resolution: {integrity: sha512-ZOyn+gOs749xU7ovp+Ibj0g1o3dFRqsfPnT22C2t5JzcRvgsEDpGawPbCISGKLudJk9Y0wiu9sYd6kUh0pc9TA==}

  typescript@5.8.3:
    resolution: {integrity: sha512-p1diW6TqL9L07nNxvRMM7hMMw4c5XOo/1ibL4aAIGmSAt9slTE1Xgw5KWuof2uTOvCg9BY7ZRi+GaF+7sfgPeQ==}
    engines: {node: '>=14.17'}
    hasBin: true

  undici-types@7.8.0:
    resolution: {integrity: sha512-9UJ2xGDvQ43tYyVMpuHlsgApydB8ZKfVYTsLDhXkFL/6gfkp+U8xTGdh8pMJv1SpZna0zxG1DwsKZsreLbXBxw==}

snapshots:

  '@types/node@24.0.6':
    dependencies:
      undici-types: 7.8.0

  typescript@5.8.3: {}

  undici-types@7.8.0: {}
