lockfileVersion: '9.0'

settings:
  autoInstallPeers: true
  excludeLinksFromLockfile: false

overrides:
  wpjs-api: link:../../Library/pnpm/global/5/node_modules/wpjs-api

importers:

  .:
    dependencies:
      wpjs-api:
        specifier: link:../../Library/pnpm/global/5/node_modules/wpjs-api
        version: link:../../Library/pnpm/global/5/node_modules/wpjs-api
    devDependencies:
      '@types/node':
        specifier: ^24.0.4
        version: 24.0.4
      typescript:
        specifier: ^5.7.3
        version: 5.7.3

packages:

  '@types/node@24.0.4':
    resolution: {integrity: sha512-ulyqAkrhnuNq9pB76DRBTkcS6YsmDALy6Ua63V8OhrOBgbcYt6IOdzpw5P1+dyRIyMerzLkeYWBeOXPpA9GMAA==}

  typescript@5.7.3:
    resolution: {integrity: sha512-84MVSjMEHP+FQRPy3pX9sTVV/INIex71s9TL2Gm5FG/WG1SqXeKyZ0k7/blY/4FdOzI12CBy1vGc4og/eus0fw==}
    engines: {node: '>=14.17'}
    hasBin: true

  undici-types@7.8.0:
    resolution: {integrity: sha512-9UJ2xGDvQ43tYyVMpuHlsgApydB8ZKfVYTsLDhXkFL/6gfkp+U8xTGdh8pMJv1SpZna0zxG1DwsKZsreLbXBxw==}

snapshots:

  '@types/node@24.0.4':
    dependencies:
      undici-types: 7.8.0

  typescript@5.7.3: {}

  undici-types@7.8.0: {}
